// !$*UTF8*$!
{
	archiveVersion = 1;
	classes = {
	};
	objectVersion = 55;
	objects = {

/* Begin PBXBuildFile section */
		148ABBFA287355890097AD21 /* AppDelegate.swift in Sources */ = {isa = PBXBuildFile; fileRef = 148ABBF9287355890097AD21 /* AppDelegate.swift */; };
		148ABBFC287355890097AD21 /* SceneDelegate.swift in Sources */ = {isa = PBXBuildFile; fileRef = 148ABBFB287355890097AD21 /* SceneDelegate.swift */; };
		148ABBFE287355890097AD21 /* ViewController.swift in Sources */ = {isa = PBXBuildFile; fileRef = 148ABBFD287355890097AD21 /* ViewController.swift */; };
		148ABC01287355890097AD21 /* Main.storyboard in Resources */ = {isa = PBXBuildFile; fileRef = 148ABBFF287355890097AD21 /* Main.storyboard */; };
		148ABC032873558B0097AD21 /* Assets.xcassets in Resources */ = {isa = PBXBuildFile; fileRef = 148ABC022873558B0097AD21 /* Assets.xcassets */; };
		148ABC062873558B0097AD21 /* LaunchScreen.storyboard in Resources */ = {isa = PBXBuildFile; fileRef = 148ABC042873558B0097AD21 /* LaunchScreen.storyboard */; };
		148ABC1328735B740097AD21 /* MyScreenAssets.xcassets in Resources */ = {isa = PBXBuildFile; fileRef = 148ABC1228735B740097AD21 /* MyScreenAssets.xcassets */; };
/* End PBXBuildFile section */

/* Begin PBXFileReference section */
		148ABBF6287355890097AD21 /* MyAnimalQuiz.app */ = {isa = PBXFileReference; explicitFileType = wrapper.application; includeInIndex = 0; path = MyAnimalQuiz.app; sourceTree = BUILT_PRODUCTS_DIR; };
		148ABBF9287355890097AD21 /* AppDelegate.swift */ = {isa = PBXFileReference; lastKnownFileType = sourcecode.swift; path = AppDelegate.swift; sourceTree = "<group>"; };
		148ABBFB287355890097AD21 /* SceneDelegate.swift */ = {isa = PBXFileReference; lastKnownFileType = sourcecode.swift; path = SceneDelegate.swift; sourceTree = "<group>"; };
		148ABBFD287355890097AD21 /* ViewController.swift */ = {isa = PBXFileReference; lastKnownFileType = sourcecode.swift; path = ViewController.swift; sourceTree = "<group>"; };
		148ABC00287355890097AD21 /* Base */ = {isa = PBXFileReference; lastKnownFileType = file.storyboard; name = Base; path = Base.lproj/Main.storyboard; sourceTree = "<group>"; };
		148ABC022873558B0097AD21 /* Assets.xcassets */ = {isa = PBXFileReference; lastKnownFileType = folder.assetcatalog; path = Assets.xcassets; sourceTree = "<group>"; };
		148ABC052873558B0097AD21 /* Base */ = {isa = PBXFileReference; lastKnownFileType = file.storyboard; name = Base; path = Base.lproj/LaunchScreen.storyboard; sourceTree = "<group>"; };
		148ABC072873558B0097AD21 /* Info.plist */ = {isa = PBXFileReference; lastKnownFileType = text.plist.xml; path = Info.plist; sourceTree = "<group>"; };
		148ABC1228735B740097AD21 /* MyScreenAssets.xcassets */ = {isa = PBXFileReference; lastKnownFileType = folder.assetcatalog; path = MyScreenAssets.xcassets; sourceTree = "<group>"; };
/* End PBXFileReference section */

/* Begin PBXFrameworksBuildPhase section */
		148ABBF3287355890097AD21 /* Frameworks */ = {
			isa = PBXFrameworksBuildPhase;
			buildActionMask = 2147483647;
			files = (
			);
			runOnlyForDeploymentPostprocessing = 0;
		};
/* End PBXFrameworksBuildPhase section */

/* Begin PBXGroup section */
		148ABBED287355890097AD21 = {
			isa = PBXGroup;
			children = (
				148ABBF8287355890097AD21 /* MyAnimalQuiz */,
				148ABBF7287355890097AD21 /* Products */,
			);
			sourceTree = "<group>";
		};
		148ABBF7287355890097AD21 /* Products */ = {
			isa = PBXGroup;
			children = (
				148ABBF6287355890097AD21 /* MyAnimalQuiz.app */,
			);
			name = Products;
			sourceTree = "<group>";
		};
		148ABBF8287355890097AD21 /* MyAnimalQuiz */ = {
			isa = PBXGroup;
			children = (
				148ABC1028735AC30097AD21 /* Models */,
				148ABC0F28735AA30097AD21 /* View Controllers */,
				148ABC0D287359980097AD21 /* Storyboards */,
				148ABC0E28735A5A0097AD21 /* Supporting Files */,
				148ABC1128735ACA0097AD21 /* Resources */,
			);
			path = MyAnimalQuiz;
			sourceTree = "<group>";
		};
		148ABC0D287359980097AD21 /* Storyboards */ = {
			isa = PBXGroup;
			children = (
				148ABBFF287355890097AD21 /* Main.storyboard */,
				148ABC042873558B0097AD21 /* LaunchScreen.storyboard */,
			);
			path = Storyboards;
			sourceTree = "<group>";
		};
		148ABC0E28735A5A0097AD21 /* Supporting Files */ = {
			isa = PBXGroup;
			children = (
				148ABBF9287355890097AD21 /* AppDelegate.swift */,
				148ABBFB287355890097AD21 /* SceneDelegate.swift */,
				148ABC072873558B0097AD21 /* Info.plist */,
			);
			path = "Supporting Files";
			sourceTree = "<group>";
		};
		148ABC0F28735AA30097AD21 /* View Controllers */ = {
			isa = PBXGroup;
			children = (
				148ABBFD287355890097AD21 /* ViewController.swift */,
			);
			path = "View Controllers";
			sourceTree = "<group>";
		};
		148ABC1028735AC30097AD21 /* Models */ = {
			isa = PBXGroup;
			children = (
			);
			path = Models;
			sourceTree = "<group>";
		};
		148ABC1128735ACA0097AD21 /* Resources */ = {
			isa = PBXGroup;
			children = (
				148ABC022873558B0097AD21 /* Assets.xcassets */,
				148ABC1228735B740097AD21 /* MyScreenAssets.xcassets */,
			);
			path = Resources;
			sourceTree = "<group>";
		};
/* End PBXGroup section */

/* Begin PBXNativeTarget section */
		148ABBF5287355890097AD21 /* MyAnimalQuiz */ = {
			isa = PBXNativeTarget;
			buildConfigurationList = 148ABC0A2873558B0097AD21 /* Build configuration list for PBXNativeTarget "MyAnimalQuiz" */;
			buildPhases = (
				148ABBF2287355890097AD21 /* Sources */,
				148ABBF3287355890097AD21 /* Frameworks */,
				148ABBF4287355890097AD21 /* Resources */,
			);
			buildRules = (
			);
			dependencies = (
			);
			name = MyAnimalQuiz;
			productName = MyAnimalQuiz;
			productReference = 148ABBF6287355890097AD21 /* MyAnimalQuiz.app */;
			productType = "com.apple.product-type.application";
		};
/* End PBXNativeTarget section */

/* Begin PBXProject section */
		148ABBEE287355890097AD21 /* Project object */ = {
			isa = PBXProject;
			attributes = {
				BuildIndependentTargetsInParallel = 1;
				LastSwiftUpdateCheck = 1340;
				LastUpgradeCheck = 1340;
				TargetAttributes = {
					148ABBF5287355890097AD21 = {
						CreatedOnToolsVersion = 13.4.1;
					};
				};
			};
			buildConfigurationList = 148ABBF1287355890097AD21 /* Build configuration list for PBXProject "MyAnimalQuiz" */;
			compatibilityVersion = "Xcode 13.0";
			developmentRegion = en;
			hasScannedForEncodings = 0;
			knownRegions = (
				en,
				Base,
			);
			mainGroup = 148ABBED287355890097AD21;
			productRefGroup = 148ABBF7287355890097AD21 /* Products */;
			projectDirPath = "";
			projectRoot = "";
			targets = (
				148ABBF5287355890097AD21 /* MyAnimalQuiz */,
			);
		};
/* End PBXProject section */

/* Begin PBXResourcesBuildPhase section */
		148ABBF4287355890097AD21 /* Resources */ = {
			isa = PBXResourcesBuildPhase;
			buildActionMask = 2147483647;
			files = (
				148ABC1328735B740097AD21 /* MyScreenAssets.xcassets in Resources */,
				148ABC062873558B0097AD21 /* LaunchScreen.storyboard in Resources */,
				148ABC032873558B0097AD21 /* Assets.xcassets in Resources */,
				148ABC01287355890097AD21 /* Main.storyboard in Resources */,
			);
			runOnlyForDeploymentPostprocessing = 0;
		};
/* End PBXResourcesBuildPhase section */

/* Begin PBXSourcesBuildPhase section */
		148ABBF2287355890097AD21 /* Sources */ = {
			isa = PBXSourcesBuildPhase;
			buildActionMask = 2147483647;
			files = (
				148ABBFE287355890097AD21 /* ViewController.swift in Sources */,
				148ABBFA287355890097AD21 /* AppDelegate.swift in Sources */,
				148ABBFC287355890097AD21 /* SceneDelegate.swift in Sources */,
			);
			runOnlyForDeploymentPostprocessing = 0;
		};
/* End PBXSourcesBuildPhase section */

/* Begin PBXVariantGroup section */
		148ABBFF287355890097AD21 /* Main.storyboard */ = {
			isa = PBXVariantGroup;
			children = (
				148ABC00287355890097AD21 /* Base */,
			);
			name = Main.storyboard;
			sourceTree = "<group>";
		};
		148ABC042873558B0097AD21 /* LaunchScreen.storyboard */ = {
			isa = PBXVariantGroup;
			children = (
				148ABC052873558B0097AD21 /* Base */,
			);
			name = LaunchScreen.storyboard;
			sourceTree = "<group>";
		};
/* End PBXVariantGroup section */

/* Begin XCBuildConfiguration section */
		148ABC082873558B0097AD21 /* Debug */ = {
			isa = XCBuildConfiguration;
			buildSettings = {
				ALWAYS_SEARCH_USER_PATHS = NO;
				CLANG_ANALYZER_NONNULL = YES;
				CLANG_ANALYZER_NUMBER_OBJECT_CONVERSION = YES_AGGRESSIVE;
				CLANG_CXX_LANGUAGE_STANDARD = "gnu++17";
				CLANG_ENABLE_MODULES = YES;
				CLANG_ENABLE_OBJC_ARC = YES;
				CLANG_ENABLE_OBJC_WEAK = YES;
				CLANG_WARN_BLOCK_CAPTURE_AUTORELEASING = YES;
				CLANG_WARN_BOOL_CONVERSION = YES;
				CLANG_WARN_COMMA = YES;
				CLANG_WARN_CONSTANT_CONVERSION = YES;
				CLANG_WARN_DEPRECATED_OBJC_IMPLEMENTATIONS = YES;
				CLANG_WARN_DIRECT_OBJC_ISA_USAGE = YES_ERROR;
				CLANG_WARN_DOCUMENTATION_COMMENTS = YES;
				CLANG_WARN_EMPTY_BODY = YES;
				CLANG_WARN_ENUM_CONVERSION = YES;
				CLANG_WARN_INFINITE_RECURSION = YES;
				CLANG_WARN_INT_CONVERSION = YES;
				CLANG_WARN_NON_LITERAL_NULL_CONVERSION = YES;
				CLANG_WARN_OBJC_IMPLICIT_RETAIN_SELF = YES;
				CLANG_WARN_OBJC_LITERAL_CONVERSION = YES;
				CLANG_WARN_OBJC_ROOT_CLASS = YES_ERROR;
				CLANG_WARN_QUOTED_INCLUDE_IN_FRAMEWORK_HEADER = YES;
				CLANG_WARN_RANGE_LOOP_ANALYSIS = YES;
				CLANG_WARN_STRICT_PROTOTYPES = YES;
				CLANG_WARN_SUSPICIOUS_MOVE = YES;
				CLANG_WARN_UNGUARDED_AVAILABILITY = YES_AGGRESSIVE;
				CLANG_WARN_UNREACHABLE_CODE = YES;
				CLANG_WARN__DUPLICATE_METHOD_MATCH = YES;
				COPY_PHASE_STRIP = NO;
				DEBUG_INFORMATION_FORMAT = dwarf;
				ENABLE_STRICT_OBJC_MSGSEND = YES;
				ENABLE_TESTABILITY = YES;
				GCC_C_LANGUAGE_STANDARD = gnu11;
				GCC_DYNAMIC_NO_PIC = NO;
				GCC_NO_COMMON_BLOCKS = YES;
				GCC_OPTIMIZATION_LEVEL = 0;
				GCC_PREPROCESSOR_DEFINITIONS = (
					"DEBUG=1",
					"$(inherited)",
				);
				GCC_WARN_64_TO_32_BIT_CONVERSION = YES;
				GCC_WARN_ABOUT_RETURN_TYPE = YES_ERROR;
				GCC_WARN_UNDECLARED_SELECTOR = YES;
				GCC_WARN_UNINITIALIZED_AUTOS = YES_AGGRESSIVE;
				GCC_WARN_UNUSED_FUNCTION = YES;
				GCC_WARN_UNUSED_VARIABLE = YES;
				IPHONEOS_DEPLOYMENT_TARGET = 15.5;
				MTL_ENABLE_DEBUG_INFO = INCLUDE_SOURCE;
				MTL_FAST_MATH = YES;
				ONLY_ACTIVE_ARCH = YES;
				SDKROOT = iphoneos;
				SWIFT_ACTIVE_COMPILATION_CONDITIONS = DEBUG;
				SWIFT_OPTIMIZATION_LEVEL = "-Onone";
			};
			name = Debug;
		};
		148ABC092873558B0097AD21 /* Release */ = {
			isa = XCBuildConfiguration;
			buildSettings = {
				ALWAYS_SEARCH_USER_PATHS = NO;
				CLANG_ANALYZER_NONNULL = YES;
				CLANG_ANALYZER_NUMBER_OBJECT_CONVERSION = YES_AGGRESSIVE;
				CLANG_CXX_LANGUAGE_STANDARD = "gnu++17";
				CLANG_ENABLE_MODULES = YES;
				CLANG_ENABLE_OBJC_ARC = YES;
				CLANG_ENABLE_OBJC_WEAK = YES;
				CLANG_WARN_BLOCK_CAPTURE_AUTORELEASING = YES;
				CLANG_WARN_BOOL_CONVERSION = YES;
				CLANG_WARN_COMMA = YES;
				CLANG_WARN_CONSTANT_CONVERSION = YES;
				CLANG_WARN_DEPRECATED_OBJC_IMPLEMENTATIONS = YES;
				CLANG_WARN_DIRECT_OBJC_ISA_USAGE = YES_ERROR;
				CLANG_WARN_DOCUMENTATION_COMMENTS = YES;
				CLANG_WARN_EMPTY_BODY = YES;
				CLANG_WARN_ENUM_CONVERSION = YES;
				CLANG_WARN_INFINITE_RECURSION = YES;
				CLANG_WARN_INT_CONVERSION = YES;
				CLANG_WARN_NON_LITERAL_NULL_CONVERSION = YES;
				CLANG_WARN_OBJC_IMPLICIT_RETAIN_SELF = YES;
				CLANG_WARN_OBJC_LITERAL_CONVERSION = YES;
				CLANG_WARN_OBJC_ROOT_CLASS = YES_ERROR;
				CLANG_WARN_QUOTED_INCLUDE_IN_FRAMEWORK_HEADER = YES;
				CLANG_WARN_RANGE_LOOP_ANALYSIS = YES;
				CLANG_WARN_STRICT_PROTOTYPES = YES;
				CLANG_WARN_SUSPICIOUS_MOVE = YES;
				CLANG_WARN_UNGUARDED_AVAILABILITY = YES_AGGRESSIVE;
				CLANG_WARN_UNREACHABLE_CODE = YES;
				CLANG_WARN__DUPLICATE_METHOD_MATCH = YES;
				COPY_PHASE_STRIP = NO;
				DEBUG_INFORMATION_FORMAT = "dwarf-with-dsym";
				ENABLE_NS_ASSERTIONS = NO;
				ENABLE_STRICT_OBJC_MSGSEND = YES;
				GCC_C_LANGUAGE_STANDARD = gnu11;
				GCC_NO_COMMON_BLOCKS = YES;
				GCC_WARN_64_TO_32_BIT_CONVERSION = YES;
				GCC_WARN_ABOUT_RETURN_TYPE = YES_ERROR;
				GCC_WARN_UNDECLARED_SELECTOR = YES;
				GCC_WARN_UNINITIALIZED_AUTOS = YES_AGGRESSIVE;
				GCC_WARN_UNUSED_FUNCTION = YES;
				GCC_WARN_UNUSED_VARIABLE = YES;
				IPHONEOS_DEPLOYMENT_TARGET = 15.5;
				MTL_ENABLE_DEBUG_INFO = NO;
				MTL_FAST_MATH = YES;
				SDKROOT = iphoneos;
				SWIFT_COMPILATION_MODE = wholemodule;
				SWIFT_OPTIMIZATION_LEVEL = "-O";
				VALIDATE_PRODUCT = YES;
			};
			name = Release;
		};
		148ABC0B2873558B0097AD21 /* Debug */ = {
			isa = XCBuildConfiguration;
			buildSettings = {
				ASSETCATALOG_COMPILER_APPICON_NAME = AppIcon;
				ASSETCATALOG_COMPILER_GLOBAL_ACCENT_COLOR_NAME = AccentColor;
				CODE_SIGN_STYLE = Automatic;
				CURRENT_PROJECT_VERSION = 1;
				DEVELOPMENT_TEAM = 5PA42A853Q;
				GENERATE_INFOPLIST_FILE = YES;
				INFOPLIST_FILE = "MyAnimalQuiz/Supporting Files/Info.plist";
				INFOPLIST_KEY_UIApplicationSupportsIndirectInputEvents = YES;
				INFOPLIST_KEY_UILaunchStoryboardName = LaunchScreen;
				INFOPLIST_KEY_UIMainStoryboardFile = Main;
				INFOPLIST_KEY_UISupportedInterfaceOrientations_iPad = "UIInterfaceOrientationPortrait UIInterfaceOrientationPortraitUpsideDown UIInterfaceOrientationLandscapeLeft UIInterfaceOrientationLandscapeRight";
				INFOPLIST_KEY_UISupportedInterfaceOrientations_iPhone = "UIInterfaceOrientationPortrait UIInterfaceOrientationLandscapeLeft UIInterfaceOrientationLandscapeRight";
				LD_RUNPATH_SEARCH_PATHS = (
					"$(inherited)",
					"@executable_path/Frameworks",
				);
				MARKETING_VERSION = 1.0;
				PRODUCT_BUNDLE_IDENTIFIER = VadimShinkarenko.MyAnimalQuiz;
				PRODUCT_NAME = "$(TARGET_NAME)";
				SWIFT_EMIT_LOC_STRINGS = YES;
				SWIFT_VERSION = 5.0;
				TARGETED_DEVICE_FAMILY = 1;
			};
			name = Debug;
		};
		148ABC0C2873558B0097AD21 /* Release */ = {
			isa = XCBuildConfiguration;
			buildSettings = {
				ASSETCATALOG_COMPILER_APPICON_NAME = AppIcon;
				ASSETCATALOG_COMPILER_GLOBAL_ACCENT_COLOR_NAME = AccentColor;
				CODE_SIGN_STYLE = Automatic;
				CURRENT_PROJECT_VERSION = 1;
				DEVELOPMENT_TEAM = 5PA42A853Q;
				GENERATE_INFOPLIST_FILE = YES;
				INFOPLIST_FILE = "MyAnimalQuiz/Supporting Files/Info.plist";
				INFOPLIST_KEY_UIApplicationSupportsIndirectInputEvents = YES;
				INFOPLIST_KEY_UILaunchStoryboardName = LaunchScreen;
				INFOPLIST_KEY_UIMainStoryboardFile = Main;
				INFOPLIST_KEY_UISupportedInterfaceOrientations_iPad = "UIInterfaceOrientationPortrait UIInterfaceOrientationPortraitUpsideDown UIInterfaceOrientationLandscapeLeft UIInterfaceOrientationLandscapeRight";
				INFOPLIST_KEY_UISupportedInterfaceOrientations_iPhone = "UIInterfaceOrientationPortrait UIInterfaceOrientationLandscapeLeft UIInterfaceOrientationLandscapeRight";
				LD_RUNPATH_SEARCH_PATHS = (
					"$(inherited)",
					"@executable_path/Frameworks",
				);
				MARKETING_VERSION = 1.0;
				PRODUCT_BUNDLE_IDENTIFIER = VadimShinkarenko.MyAnimalQuiz;
				PRODUCT_NAME = "$(TARGET_NAME)";
				SWIFT_EMIT_LOC_STRINGS = YES;
				SWIFT_VERSION = 5.0;
				TARGETED_DEVICE_FAMILY = 1;
			};
			name = Release;
		};
/* End XCBuildConfiguration section */

/* Begin XCConfigurationList section */
		148ABBF1287355890097AD21 /* Build configuration list for PBXProject "MyAnimalQuiz" */ = {
			isa = XCConfigurationList;
			buildConfigurations = (
				148ABC082873558B0097AD21 /* Debug */,
				148ABC092873558B0097AD21 /* Release */,
			);
			defaultConfigurationIsVisible = 0;
			defaultConfigurationName = Release;
		};
		148ABC0A2873558B0097AD21 /* Build configuration list for PBXNativeTarget "MyAnimalQuiz" */ = {
			isa = XCConfigurationList;
			buildConfigurations = (
				148ABC0B2873558B0097AD21 /* Debug */,
				148ABC0C2873558B0097AD21 /* Release */,
			);
			defaultConfigurationIsVisible = 0;
			defaultConfigurationName = Release;
		};
/* End XCConfigurationList section */
	};
	rootObject = 148ABBEE287355890097AD21 /* Project object */;
}
